# This file is automatically @generated by Cargo.
# It is not intended for manual editing.
version = 4

[[package]]
name = "fearless_simd"
version = "0.7.0"
source = "registry+https://github.com/rust-lang/crates.io-index"
checksum = "f4beca3cb2444e3304ac30843cc091f44ed58932353cd492ce740067bfce6b12"

[[package]]
name = "pywt-rust"
version = "0.1.0"
dependencies = [
 "wavelets",
]

[[package]]
name = "wavelets"
version = "0.1.0-alpha.11"
source = "registry+https://github.com/rust-lang/crates.io-index"
checksum = "8aca89650c3871dc3141f76a3502619dc1c2ec00d7a84bc2fd12559c4693490e"
dependencies = [
 "fearless_simd",
]
