# This file is automatically @generated by Cargo.
# It is not intended for manual editing.
version = 4

[[package]]
name = "fearless_simd"
version = "0.7.0"
source = "registry+https://github.com/rust-lang/crates.io-index"
checksum = "f4beca3cb2444e3304ac30843cc091f44ed58932353cd492ce740067bfce6b12"

[[package]]
name = "pywt-rust"
version = "0.1.0"
dependencies = [
 "wavelets",
]

[[package]]
name = "wavelets"
version = "0.1.0-alpha.12"
source = "registry+https://github.com/rust-lang/crates.io-index"
checksum = "c7c451a1fbb5eb94b9d5cc99c5c92ecfab07193c7af4dacb911f929aaae8efc6"
dependencies = [
 "fearless_simd",
]
